
Microsoft Visual Studio Solution File, Format Version 12.00
# Visual Studio Version 16
VisualStudioVersion = 16.0.29709.97
MinimumVisualStudioVersion = 10.0.40219.1
Project("{FAE04EC0-301F-11D3-BF4B-00C04F79EFBC}") = "Kursovoy", "Kursovoy\Kursovoy.csproj", "{0D6384BE-4D06-4B10-BE29-116DFA9DF741}"
EndProject
Global
	GlobalSection(SolutionConfigurationPlatforms) = preSolution
		Debug|Any CPU = Debug|Any CPU
		Release|Any CPU = Release|Any CPU
	EndGlobalSection
	GlobalSection(ProjectConfigurationPlatforms) = postSolution
		{0D6384BE-4D06-4B10-BE29-116DFA9DF741}.Debug|Any CPU.ActiveCfg = Debug|Any CPU
		{0D6384BE-4D06-4B10-BE29-116DFA9DF741}.Debug|Any CPU.Build.0 = Debug|Any CPU
		{0D6384BE-4D06-4B10-BE29-116DFA9DF741}.Release|Any CPU.ActiveCfg = Release|Any CPU
		{0D6384BE-4D06-4B10-BE29-116DFA9DF741}.Release|Any CPU.Build.0 = Release|Any CPU
	EndGlobalSection
	GlobalSection(SolutionProperties) = preSolution
		HideSolutionNode = FALSE
	EndGlobalSection
	GlobalSection(ExtensibilityGlobals) = postSolution
		SolutionGuid = {79F34F8D-AC1E-479C-AAB2-0CA6677B1AB1}
	EndGlobalSection
EndGlobal
